{
  "version": 4,
  "terraform_version": "1.9.8",
  "serial": 30,
  "lineage": "6b88dbd0-f3c2-4a68-a3d1-64af6d939fd9",
  "outputs": {},
  "resources": [
    {
      "mode": "managed",
      "type": "openstack_compute_instance_v2",
      "name": "controle-plane",
      "provider": "provider[\"registry.terraform.io/terraform-provider-openstack/openstack\"]",
      "instances": [
        {
          "schema_version": 0,
          "attributes": {
            "access_ip_v4": "195.15.242.157",
            "access_ip_v6": "[2001:1600:10:100::1f7]",
            "admin_pass": null,
            "all_metadata": {},
            "all_tags": [],
            "availability_zone": "dc3-a-09",
            "availability_zone_hints": null,
            "block_device": [],
            "config_drive": null,
            "created": "2025-09-23 20:22:00 +0000 UTC",
            "flavor_id": "b6b7baeb-2328-48c9-8543-88cccec8ec4b",
            "flavor_name": "a2-ram4-disk20-perf1",
            "floating_ip": null,
            "force_delete": false,
            "id": "1660beaa-65d2-44b4-9959-9d125e07dfb2",
            "image_id": "78ead1a5-09f6-4657-bc81-44d36a426734",
            "image_name": "Debian 13 trixie",
            "key_pair": "infomaniak",
            "metadata": null,
            "name": "controle-plane",
            "network": [
              {
                "access_network": false,
                "fixed_ip_v4": "195.15.242.157",
                "fixed_ip_v6": "[2001:1600:10:100::1f7]",
                "floating_ip": "",
                "mac": "fa:16:3e:0b:ce:07",
                "name": "ext-net1",
                "port": "",
                "uuid": "dcf25c41-9057-4bc2-8475-a2e3c5d8c662"
              }
            ],
            "network_mode": null,
            "personality": [],
            "power_state": "active",
            "region": "dc3-a",
            "scheduler_hints": [],
            "security_groups": [
              "b6d85b59-ca59-460b-a1ec-ab2cbd17c20b"
            ],
            "stop_before_destroy": false,
            "tags": null,
            "timeouts": null,
            "updated": "2025-09-23 20:22:30 +0000 UTC",
            "user_data": "423df77bbb0fab3d614834d3d21990d03136b31b",
            "vendor_options": [],
            "volume": []
          },
          "sensitive_attributes": [
            [
              {
                "type": "get_attr",
                "value": "admin_pass"
              }
            ]
          ],
          "private": "eyJlMmJmYjczMC1lY2FhLTExZTYtOGY4OC0zNDM2M2JjN2M0YzAiOnsiY3JlYXRlIjoxODAwMDAwMDAwMDAwLCJkZWxldGUiOjE4MDAwMDAwMDAwMDAsInVwZGF0ZSI6MTgwMDAwMDAwMDAwMH19",
          "dependencies": [
            "openstack_networking_secgroup_v2.controle_plane_sg"
          ]
        }
      ]
    },
    {
      "mode": "managed",
      "type": "openstack_networking_floatingip_associate_v2",
      "name": "controle-plane_assoc",
      "provider": "provider[\"registry.terraform.io/terraform-provider-openstack/openstack\"]",
      "instances": [
        {
          "schema_version": 0,
          "attributes": {
            "fixed_ip": "",
            "floating_ip": "84.234.27.191",
            "id": "d0b3e6ce-774b-4665-8e84-88a3d6e13d5a",
            "port_id": "",
            "region": "dc3-a"
          },
          "sensitive_attributes": [],
          "private": "bnVsbA==",
          "dependencies": [
            "openstack_compute_instance_v2.controle-plane",
            "openstack_networking_floatingip_v2.controle-plane_fip",
            "openstack_networking_secgroup_v2.controle_plane_sg"
          ]
        }
      ]
    },
    {
      "mode": "managed",
      "type": "openstack_networking_floatingip_v2",
      "name": "controle-plane_fip",
      "provider": "provider[\"registry.terraform.io/terraform-provider-openstack/openstack\"]",
      "instances": [
        {
          "schema_version": 0,
          "attributes": {
            "address": "84.234.27.191",
            "all_tags": [],
            "description": "",
            "dns_domain": "",
            "dns_name": "",
            "fixed_ip": "",
            "id": "d0b3e6ce-774b-4665-8e84-88a3d6e13d5a",
            "pool": "ext-floating1",
            "port_id": "",
            "region": "dc3-a",
            "subnet_id": null,
            "subnet_ids": null,
            "tags": [],
            "tenant_id": "c854c1b45d934f5bb8c23e33bbcc35b7",
            "timeouts": null,
            "value_specs": null
          },
          "sensitive_attributes": [],
          "private": "eyJlMmJmYjczMC1lY2FhLTExZTYtOGY4OC0zNDM2M2JjN2M0YzAiOnsiY3JlYXRlIjo2MDAwMDAwMDAwMDAsImRlbGV0ZSI6NjAwMDAwMDAwMDAwfX0="
        }
      ]
    },
    {
      "mode": "managed",
      "type": "openstack_networking_secgroup_rule_v2",
      "name": "egress_dns",
      "provider": "provider[\"registry.terraform.io/terraform-provider-openstack/openstack\"]",
      "instances": [
        {
          "schema_version": 0,
          "attributes": {
            "description": "",
            "direction": "egress",
            "ethertype": "IPv4",
            "id": "fafea418-91e5-4db7-bd22-95855399a24a",
            "port_range_max": 53,
            "port_range_min": 53,
            "protocol": "udp",
            "region": "dc3-a",
            "remote_group_id": "",
            "remote_ip_prefix": "0.0.0.0/0",
            "security_group_id": "b6d85b59-ca59-460b-a1ec-ab2cbd17c20b",
            "tenant_id": "c854c1b45d934f5bb8c23e33bbcc35b7",
            "timeouts": null
          },
          "sensitive_attributes": [],
          "private": "eyJlMmJmYjczMC1lY2FhLTExZTYtOGY4OC0zNDM2M2JjN2M0YzAiOnsiZGVsZXRlIjo2MDAwMDAwMDAwMDB9fQ==",
          "dependencies": [
            "openstack_networking_secgroup_v2.controle_plane_sg"
          ]
        }
      ]
    },
    {
      "mode": "managed",
      "type": "openstack_networking_secgroup_rule_v2",
      "name": "egress_https",
      "provider": "provider[\"registry.terraform.io/terraform-provider-openstack/openstack\"]",
      "instances": [
        {
          "schema_version": 0,
          "attributes": {
            "description": "",
            "direction": "egress",
            "ethertype": "IPv4",
            "id": "3388afa7-89ef-48a7-b9c0-7df31a6d1467",
            "port_range_max": 443,
            "port_range_min": 443,
            "protocol": "tcp",
            "region": "dc3-a",
            "remote_group_id": "",
            "remote_ip_prefix": "0.0.0.0/0",
            "security_group_id": "b6d85b59-ca59-460b-a1ec-ab2cbd17c20b",
            "tenant_id": "c854c1b45d934f5bb8c23e33bbcc35b7",
            "timeouts": null
          },
          "sensitive_attributes": [],
          "private": "eyJlMmJmYjczMC1lY2FhLTExZTYtOGY4OC0zNDM2M2JjN2M0YzAiOnsiZGVsZXRlIjo2MDAwMDAwMDAwMDB9fQ==",
          "dependencies": [
            "openstack_networking_secgroup_v2.controle_plane_sg"
          ]
        }
      ]
    },
    {
      "mode": "managed",
      "type": "openstack_networking_secgroup_rule_v2",
      "name": "egress_ntp",
      "provider": "provider[\"registry.terraform.io/terraform-provider-openstack/openstack\"]",
      "instances": [
        {
          "schema_version": 0,
          "attributes": {
            "description": "",
            "direction": "egress",
            "ethertype": "IPv4",
            "id": "06645392-9fb4-497c-8e47-3be590cabab6",
            "port_range_max": 123,
            "port_range_min": 123,
            "protocol": "udp",
            "region": "dc3-a",
            "remote_group_id": "",
            "remote_ip_prefix": "0.0.0.0/0",
            "security_group_id": "b6d85b59-ca59-460b-a1ec-ab2cbd17c20b",
            "tenant_id": "c854c1b45d934f5bb8c23e33bbcc35b7",
            "timeouts": null
          },
          "sensitive_attributes": [],
          "private": "eyJlMmJmYjczMC1lY2FhLTExZTYtOGY4OC0zNDM2M2JjN2M0YzAiOnsiZGVsZXRlIjo2MDAwMDAwMDAwMDB9fQ==",
          "dependencies": [
            "openstack_networking_secgroup_v2.controle_plane_sg"
          ]
        }
      ]
    },
    {
      "mode": "managed",
      "type": "openstack_networking_secgroup_rule_v2",
      "name": "http",
      "provider": "provider[\"registry.terraform.io/terraform-provider-openstack/openstack\"]",
      "instances": [
        {
          "schema_version": 0,
          "attributes": {
            "description": "",
            "direction": "ingress",
            "ethertype": "IPv4",
            "id": "7a0e2446-4b02-49f4-8fbe-5319eb5a878e",
            "port_range_max": 80,
            "port_range_min": 80,
            "protocol": "tcp",
            "region": "dc3-a",
            "remote_group_id": "",
            "remote_ip_prefix": "0.0.0.0/0",
            "security_group_id": "b6d85b59-ca59-460b-a1ec-ab2cbd17c20b",
            "tenant_id": "c854c1b45d934f5bb8c23e33bbcc35b7",
            "timeouts": null
          },
          "sensitive_attributes": [],
          "private": "eyJlMmJmYjczMC1lY2FhLTExZTYtOGY4OC0zNDM2M2JjN2M0YzAiOnsiZGVsZXRlIjo2MDAwMDAwMDAwMDB9fQ==",
          "dependencies": [
            "openstack_networking_secgroup_v2.controle_plane_sg"
          ]
        }
      ]
    },
    {
      "mode": "managed",
      "type": "openstack_networking_secgroup_rule_v2",
      "name": "https",
      "provider": "provider[\"registry.terraform.io/terraform-provider-openstack/openstack\"]",
      "instances": [
        {
          "schema_version": 0,
          "attributes": {
            "description": "",
            "direction": "ingress",
            "ethertype": "IPv4",
            "id": "fac7498a-163e-44fc-b639-9e3d95e451d3",
            "port_range_max": 443,
            "port_range_min": 443,
            "protocol": "tcp",
            "region": "dc3-a",
            "remote_group_id": "",
            "remote_ip_prefix": "0.0.0.0/0",
            "security_group_id": "b6d85b59-ca59-460b-a1ec-ab2cbd17c20b",
            "tenant_id": "c854c1b45d934f5bb8c23e33bbcc35b7",
            "timeouts": null
          },
          "sensitive_attributes": [],
          "private": "eyJlMmJmYjczMC1lY2FhLTExZTYtOGY4OC0zNDM2M2JjN2M0YzAiOnsiZGVsZXRlIjo2MDAwMDAwMDAwMDB9fQ==",
          "dependencies": [
            "openstack_networking_secgroup_v2.controle_plane_sg"
          ]
        }
      ]
    },
    {
      "mode": "managed",
      "type": "openstack_networking_secgroup_rule_v2",
      "name": "semaphore",
      "provider": "provider[\"registry.terraform.io/terraform-provider-openstack/openstack\"]",
      "instances": [
        {
          "schema_version": 0,
          "attributes": {
            "description": "",
            "direction": "ingress",
            "ethertype": "IPv4",
            "id": "2958ddf1-b699-424d-a371-c49b15de5793",
            "port_range_max": 3000,
            "port_range_min": 3000,
            "protocol": "tcp",
            "region": "dc3-a",
            "remote_group_id": "",
            "remote_ip_prefix": "0.0.0.0/0",
            "security_group_id": "b6d85b59-ca59-460b-a1ec-ab2cbd17c20b",
            "tenant_id": "c854c1b45d934f5bb8c23e33bbcc35b7",
            "timeouts": null
          },
          "sensitive_attributes": [],
          "private": "eyJlMmJmYjczMC1lY2FhLTExZTYtOGY4OC0zNDM2M2JjN2M0YzAiOnsiZGVsZXRlIjo2MDAwMDAwMDAwMDB9fQ==",
          "dependencies": [
            "openstack_networking_secgroup_v2.controle_plane_sg"
          ]
        }
      ]
    },
    {
      "mode": "managed",
      "type": "openstack_networking_secgroup_rule_v2",
      "name": "ssh",
      "provider": "provider[\"registry.terraform.io/terraform-provider-openstack/openstack\"]",
      "instances": [
        {
          "schema_version": 0,
          "attributes": {
            "description": "",
            "direction": "ingress",
            "ethertype": "IPv4",
            "id": "f2a10d6c-d8ae-4e9e-ba0b-16a66ca0a588",
            "port_range_max": 22,
            "port_range_min": 22,
            "protocol": "tcp",
            "region": "dc3-a",
            "remote_group_id": "",
            "remote_ip_prefix": "0.0.0.0/0",
            "security_group_id": "b6d85b59-ca59-460b-a1ec-ab2cbd17c20b",
            "tenant_id": "c854c1b45d934f5bb8c23e33bbcc35b7",
            "timeouts": null
          },
          "sensitive_attributes": [],
          "private": "eyJlMmJmYjczMC1lY2FhLTExZTYtOGY4OC0zNDM2M2JjN2M0YzAiOnsiZGVsZXRlIjo2MDAwMDAwMDAwMDB9fQ==",
          "dependencies": [
            "openstack_networking_secgroup_v2.controle_plane_sg"
          ]
        }
      ]
    },
    {
      "mode": "managed",
      "type": "openstack_networking_secgroup_v2",
      "name": "controle_plane_sg",
      "provider": "provider[\"registry.terraform.io/terraform-provider-openstack/openstack\"]",
      "instances": [
        {
          "schema_version": 0,
          "attributes": {
            "all_tags": [],
            "delete_default_rules": null,
            "description": "Règles pour la machine Manager (SSH + Web + outils)",
            "id": "b6d85b59-ca59-460b-a1ec-ab2cbd17c20b",
            "name": "controle-plane-secgroup",
            "region": "dc3-a",
            "tags": null,
            "tenant_id": "c854c1b45d934f5bb8c23e33bbcc35b7",
            "timeouts": null
          },
          "sensitive_attributes": [],
          "private": "eyJlMmJmYjczMC1lY2FhLTExZTYtOGY4OC0zNDM2M2JjN2M0YzAiOnsiZGVsZXRlIjo2MDAwMDAwMDAwMDB9fQ=="
        }
      ]
    }
  ],
  "check_results": null
}
